
Microsoft Visual Studio Solution File, Format Version 12.00
# Visual Studio Version 16
VisualStudioVersion = 16.0.32602.291
MinimumVisualStudioVersion = 10.0.40219.1
Project("{9A19103F-16F7-4668-BE54-9A1E7A4F7556}") = "Checkpoint.Services", "Checkpoint.Services\Checkpoint.Services.csproj", "{7D1556ED-942C-4299-A718-658757721E83}"
EndProject
Project("{9A19103F-16F7-4668-BE54-9A1E7A4F7556}") = "Checkpoint.Data", "Checkpoint.Data\Checkpoint.Data.csproj", "{0BE955F0-3362-4BBD-93B0-DE2462E0890A}"
EndProject
Project("{9A19103F-16F7-4668-BE54-9A1E7A4F7556}") = "Checkpoint.Shared", "Checkpoint.Shared\Checkpoint.Shared.csproj", "{B12AA644-A5A0-4B85-9E75-5236197BBE02}"
EndProject
Project("{FAE04EC0-301F-11D3-BF4B-00C04F79EFBC}") = "Console1", "Console1\Console1.csproj", "{51D68C2B-0714-4B18-A8B8-BBEBD1C2F433}"
EndProject
Global
	GlobalSection(SolutionConfigurationPlatforms) = preSolution
		Debug|Any CPU = Debug|Any CPU
		Release|Any CPU = Release|Any CPU
	EndGlobalSection
	GlobalSection(ProjectConfigurationPlatforms) = postSolution
		{7D1556ED-942C-4299-A718-658757721E83}.Debug|Any CPU.ActiveCfg = Debug|Any CPU
		{7D1556ED-942C-4299-A718-658757721E83}.Debug|Any CPU.Build.0 = Debug|Any CPU
		{7D1556ED-942C-4299-A718-658757721E83}.Release|Any CPU.ActiveCfg = Release|Any CPU
		{7D1556ED-942C-4299-A718-658757721E83}.Release|Any CPU.Build.0 = Release|Any CPU
		{0BE955F0-3362-4BBD-93B0-DE2462E0890A}.Debug|Any CPU.ActiveCfg = Debug|Any CPU
		{0BE955F0-3362-4BBD-93B0-DE2462E0890A}.Debug|Any CPU.Build.0 = Debug|Any CPU
		{0BE955F0-3362-4BBD-93B0-DE2462E0890A}.Release|Any CPU.ActiveCfg = Release|Any CPU
		{0BE955F0-3362-4BBD-93B0-DE2462E0890A}.Release|Any CPU.Build.0 = Release|Any CPU
		{B12AA644-A5A0-4B85-9E75-5236197BBE02}.Debug|Any CPU.ActiveCfg = Debug|Any CPU
		{B12AA644-A5A0-4B85-9E75-5236197BBE02}.Debug|Any CPU.Build.0 = Debug|Any CPU
		{B12AA644-A5A0-4B85-9E75-5236197BBE02}.Release|Any CPU.ActiveCfg = Release|Any CPU
		{B12AA644-A5A0-4B85-9E75-5236197BBE02}.Release|Any CPU.Build.0 = Release|Any CPU
		{51D68C2B-0714-4B18-A8B8-BBEBD1C2F433}.Debug|Any CPU.ActiveCfg = Debug|Any CPU
		{51D68C2B-0714-4B18-A8B8-BBEBD1C2F433}.Debug|Any CPU.Build.0 = Debug|Any CPU
		{51D68C2B-0714-4B18-A8B8-BBEBD1C2F433}.Release|Any CPU.ActiveCfg = Release|Any CPU
		{51D68C2B-0714-4B18-A8B8-BBEBD1C2F433}.Release|Any CPU.Build.0 = Release|Any CPU
	EndGlobalSection
	GlobalSection(SolutionProperties) = preSolution
		HideSolutionNode = FALSE
	EndGlobalSection
	GlobalSection(ExtensibilityGlobals) = postSolution
		SolutionGuid = {66B68121-B4FF-483C-BB8E-B3EB466D6C97}
	EndGlobalSection
EndGlobal
